<?xml version="1.0" encoding="utf-8"?>
<Project ToolsVersion="4.0" xmlns="http://schemas.microsoft.com/developer/msbuild/2003">
  <ItemGroup>
    <Filter Include="Source Files">
      <UniqueIdentifier>{741066ac-bd49-4633-96cd-5cbe50a5811d}</UniqueIdentifier>
      <Extensions>cpp;c;cxx;rc;def;r;odl;idl;hpj;bat</Extensions>
    </Filter>
    <Filter Include="Header Files">
      <UniqueIdentifier>{3f29c5dd-d364-4086-ae3c-75a16a83d20f}</UniqueIdentifier>
      <Extensions>h;hpp;hxx;hm;inl</Extensions>
    </Filter>
    <Filter Include="xdata">
      <UniqueIdentifier>{7d334638-24d9-4ba3-8315-a7ee2ee3014f}</UniqueIdentifier>
    </Filter>
    <Filter Include="buffer">
      <UniqueIdentifier>{8aa8d0dd-8094-4607-b1ba-8ac6feab4692}</UniqueIdentifier>
    </Filter>
    <Filter Include="dll_define">
      <UniqueIdentifier>{6ade44f4-2fb1-41ff-a3b1-5c9bf6ce2a43}</UniqueIdentifier>
    </Filter>
  </ItemGroup>
  <ItemGroup>
    <ClCompile Include="..\src\xarray.cpp">
      <Filter>Source Files</Filter>
    </ClCompile>
    <ClCompile Include="..\src\xcompressbuff.cpp">
      <Filter>Source Files</Filter>
    </ClCompile>
    <ClCompile Include="..\src\xcryptbuff.cpp">
      <Filter>Source Files</Filter>
    </ClCompile>
    <ClCompile Include="..\src\xdeamon.cpp">
      <Filter>Source Files</Filter>
    </ClCompile>
    <ClCompile Include="..\src\xdllorder.cpp">
      <Filter>Source Files</Filter>
    </ClCompile>
    <ClCompile Include="..\src\xeception.cpp">
      <Filter>Source Files</Filter>
    </ClCompile>
    <ClCompile Include="..\src\xfile.cpp">
      <Filter>Source Files</Filter>
    </ClCompile>
    <ClCompile Include="..\src\xfunctions.cpp">
      <Filter>Source Files</Filter>
    </ClCompile>
    <ClCompile Include="..\src\xio.cpp">
      <Filter>Source Files</Filter>
    </ClCompile>
    <ClCompile Include="..\src\xlock.cpp">
      <Filter>Source Files</Filter>
    </ClCompile>
    <ClCompile Include="..\src\xmap.cpp">
      <Filter>Source Files</Filter>
    </ClCompile>
    <ClCompile Include="..\src\xmapfile.cpp">
      <Filter>Source Files</Filter>
    </ClCompile>
    <ClCompile Include="..\src\xmsgqueue.cpp">
      <Filter>Source Files</Filter>
    </ClCompile>
    <ClCompile Include="..\src\xprocess.cpp">
      <Filter>Source Files</Filter>
    </ClCompile>
    <ClCompile Include="..\src\xserialport.cpp">
      <Filter>Source Files</Filter>
    </ClCompile>
    <ClCompile Include="..\src\xsocket.cpp">
      <Filter>Source Files</Filter>
    </ClCompile>
    <ClCompile Include="..\src\xstrcordeconv.cpp">
      <Filter>Source Files</Filter>
    </ClCompile>
    <ClCompile Include="..\src\xthread.cpp">
      <Filter>Source Files</Filter>
    </ClCompile>
    <ClCompile Include="..\src\xtime.cpp">
      <Filter>Source Files</Filter>
    </ClCompile>
    <ClCompile Include="..\src\xdata.cpp">
      <Filter>xdata</Filter>
    </ClCompile>
    <ClCompile Include="..\src\xdata_rich.cpp">
      <Filter>xdata</Filter>
    </ClCompile>
    <ClCompile Include="..\src\xdata_tbl.cpp">
      <Filter>xdata</Filter>
    </ClCompile>
    <ClCompile Include="..\src\xbuff.cpp">
      <Filter>buffer</Filter>
    </ClCompile>
    <ClCompile Include="..\src\xstrbuff.cpp">
      <Filter>buffer</Filter>
    </ClCompile>
  </ItemGroup>
  <ItemGroup>
    <ClInclude Include="..\include\xlib\xarray.h">
      <Filter>Header Files</Filter>
    </ClInclude>
    <ClInclude Include="..\include\xlib\xcompressbuff.h">
      <Filter>Header Files</Filter>
    </ClInclude>
    <ClInclude Include="..\include\xlib\xcryptbuff.h">
      <Filter>Header Files</Filter>
    </ClInclude>
    <ClInclude Include="..\include\xlib\xdeamon.h">
      <Filter>Header Files</Filter>
    </ClInclude>
    <ClInclude Include="..\include\xlib\xdllorder.h">
      <Filter>Header Files</Filter>
    </ClInclude>
    <ClInclude Include="..\include\xlib\xeception.h">
      <Filter>Header Files</Filter>
    </ClInclude>
    <ClInclude Include="..\include\xlib\xfile.h">
      <Filter>Header Files</Filter>
    </ClInclude>
    <ClInclude Include="..\include\xlib\xfunctions.h">
      <Filter>Header Files</Filter>
    </ClInclude>
    <ClInclude Include="..\include\xlib\xio.h">
      <Filter>Header Files</Filter>
    </ClInclude>
    <ClInclude Include="..\include\xlib\xlock.h">
      <Filter>Header Files</Filter>
    </ClInclude>
    <ClInclude Include="..\include\xlib\xmap.h">
      <Filter>Header Files</Filter>
    </ClInclude>
    <ClInclude Include="..\include\xlib\xmapfile.h">
      <Filter>Header Files</Filter>
    </ClInclude>
    <ClInclude Include="..\include\xlib\xmlhelper.h">
      <Filter>Header Files</Filter>
    </ClInclude>
    <ClInclude Include="..\include\xlib\xmsgqueue.h">
      <Filter>Header Files</Filter>
    </ClInclude>
    <ClInclude Include="..\include\xlib\xprocess.h">
      <Filter>Header Files</Filter>
    </ClInclude>
    <ClInclude Include="..\include\xlib\xserialport.h">
      <Filter>Header Files</Filter>
    </ClInclude>
    <ClInclude Include="..\include\xlib\xsocket.h">
      <Filter>Header Files</Filter>
    </ClInclude>
    <ClInclude Include="..\include\xlib\xstrcordeconv.h">
      <Filter>Header Files</Filter>
    </ClInclude>
    <ClInclude Include="..\include\xlib\xthread.h">
      <Filter>Header Files</Filter>
    </ClInclude>
    <ClInclude Include="..\include\xlib\xtime.h">
      <Filter>Header Files</Filter>
    </ClInclude>
    <ClInclude Include="..\include\xlib\xdata.h">
      <Filter>xdata</Filter>
    </ClInclude>
    <ClInclude Include="..\include\xlib\xdata_rich.h">
      <Filter>xdata</Filter>
    </ClInclude>
    <ClInclude Include="..\include\xlib\xdata_tbl.h">
      <Filter>xdata</Filter>
    </ClInclude>
    <ClInclude Include="..\include\xlib\xbuff.h">
      <Filter>buffer</Filter>
    </ClInclude>
    <ClInclude Include="..\include\xlib\xstrbuff.h">
      <Filter>buffer</Filter>
    </ClInclude>
    <ClInclude Include="..\include\xlib\xlib_head.h">
      <Filter>dll_define</Filter>
    </ClInclude>
    <ClInclude Include="..\include\xlib\xlib_tail.h">
      <Filter>dll_define</Filter>
    </ClInclude>
  </ItemGroup>
  <ItemGroup>
    <Xml Include="..\include\newxlib.xml" />
  </ItemGroup>
  <ItemGroup>
    <Text Include="README.TXT" />
  </ItemGroup>
  <ItemGroup>
    <CustomBuild Include="Makefile" />
    <CustomBuild Include="Makefile.cygwin" />
  </ItemGroup>
</Project>