
Microsoft Visual Studio Solution File, Format Version 12.00
# Visual Studio 2012
Project("{8BC9CEB8-8B4A-11D0-8D11-00A0C91BC942}") = "test_xdb", "..\test\test_xdb\test_xdb.vcxproj", "{A03D9C60-04A0-4B79-8357-411D223B8A2E}"
EndProject
Project("{8BC9CEB8-8B4A-11D0-8D11-00A0C91BC942}") = "test_xlib", "..\test\test_xlib\test_xlib.vcxproj", "{0B3A2C18-31E9-4FA9-A141-899DDAAE3B9D}"
EndProject
Project("{8BC9CEB8-8B4A-11D0-8D11-00A0C91BC942}") = "test_xsecs", "..\test\test_xsecs\test_xsecs.vcxproj", "{D9D186F0-1202-42A2-8C03-C952F738469F}"
EndProject
Project("{8BC9CEB8-8B4A-11D0-8D11-00A0C91BC942}") = "xdb", "xdb.vcxproj", "{E2164169-61B1-4DA6-B55C-DAA26737C451}"
EndProject
Project("{8BC9CEB8-8B4A-11D0-8D11-00A0C91BC942}") = "xlib", "xlib.vcxproj", "{6997CCAE-EBB9-412E-A436-44FDCB0B47A7}"
EndProject
Project("{8BC9CEB8-8B4A-11D0-8D11-00A0C91BC942}") = "xsecs", "xsecs.vcxproj", "{4ACDBCDA-A1B9-42F6-8FFF-9F662AC7FCC5}"
EndProject
Project("{8BC9CEB8-8B4A-11D0-8D11-00A0C91BC942}") = "xsemi_gem", "xsemi_gem.vcxproj", "{70EA30DC-1D9C-49AE-83F7-E3DF6723FB28}"
EndProject
Project("{8BC9CEB8-8B4A-11D0-8D11-00A0C91BC942}") = "xsemi_xml", "xsemi_xml.vcxproj", "{54B91888-5E2F-4BF1-8470-82ECA627E11C}"
EndProject
Project("{8BC9CEB8-8B4A-11D0-8D11-00A0C91BC942}") = "xwinlib", "xwinlib.vcxproj", "{53A8F10D-0A44-46F4-BFD4-D1853323A5F1}"
EndProject
Global
	GlobalSection(SolutionConfigurationPlatforms) = preSolution
		Debug|Win32 = Debug|Win32
		DebugDLL|Win32 = DebugDLL|Win32
		DebugU|Win32 = DebugU|Win32
		Release|Win32 = Release|Win32
		ReleaseDLL|Win32 = ReleaseDLL|Win32
		ReleaseU|Win32 = ReleaseU|Win32
		Template|Win32 = Template|Win32
	EndGlobalSection
	GlobalSection(ProjectConfigurationPlatforms) = postSolution
		{A03D9C60-04A0-4B79-8357-411D223B8A2E}.Debug|Win32.ActiveCfg = Debug|Win32
		{A03D9C60-04A0-4B79-8357-411D223B8A2E}.Debug|Win32.Build.0 = Debug|Win32
		{A03D9C60-04A0-4B79-8357-411D223B8A2E}.DebugDLL|Win32.ActiveCfg = Debug|Win32
		{A03D9C60-04A0-4B79-8357-411D223B8A2E}.DebugDLL|Win32.Build.0 = Debug|Win32
		{A03D9C60-04A0-4B79-8357-411D223B8A2E}.DebugU|Win32.ActiveCfg = DebugU|Win32
		{A03D9C60-04A0-4B79-8357-411D223B8A2E}.DebugU|Win32.Build.0 = DebugU|Win32
		{A03D9C60-04A0-4B79-8357-411D223B8A2E}.Release|Win32.ActiveCfg = Release|Win32
		{A03D9C60-04A0-4B79-8357-411D223B8A2E}.Release|Win32.Build.0 = Release|Win32
		{A03D9C60-04A0-4B79-8357-411D223B8A2E}.ReleaseDLL|Win32.ActiveCfg = Release|Win32
		{A03D9C60-04A0-4B79-8357-411D223B8A2E}.ReleaseDLL|Win32.Build.0 = Release|Win32
		{A03D9C60-04A0-4B79-8357-411D223B8A2E}.ReleaseU|Win32.ActiveCfg = ReleaseU|Win32
		{A03D9C60-04A0-4B79-8357-411D223B8A2E}.ReleaseU|Win32.Build.0 = ReleaseU|Win32
		{A03D9C60-04A0-4B79-8357-411D223B8A2E}.Template|Win32.ActiveCfg = Release|Win32
		{A03D9C60-04A0-4B79-8357-411D223B8A2E}.Template|Win32.Build.0 = Release|Win32
		{0B3A2C18-31E9-4FA9-A141-899DDAAE3B9D}.Debug|Win32.ActiveCfg = Debug|Win32
		{0B3A2C18-31E9-4FA9-A141-899DDAAE3B9D}.Debug|Win32.Build.0 = Debug|Win32
		{0B3A2C18-31E9-4FA9-A141-899DDAAE3B9D}.DebugDLL|Win32.ActiveCfg = Debug|Win32
		{0B3A2C18-31E9-4FA9-A141-899DDAAE3B9D}.DebugDLL|Win32.Build.0 = Debug|Win32
		{0B3A2C18-31E9-4FA9-A141-899DDAAE3B9D}.DebugU|Win32.ActiveCfg = DebugU|Win32
		{0B3A2C18-31E9-4FA9-A141-899DDAAE3B9D}.DebugU|Win32.Build.0 = DebugU|Win32
		{0B3A2C18-31E9-4FA9-A141-899DDAAE3B9D}.Release|Win32.ActiveCfg = Release|Win32
		{0B3A2C18-31E9-4FA9-A141-899DDAAE3B9D}.Release|Win32.Build.0 = Release|Win32
		{0B3A2C18-31E9-4FA9-A141-899DDAAE3B9D}.ReleaseDLL|Win32.ActiveCfg = Release|Win32
		{0B3A2C18-31E9-4FA9-A141-899DDAAE3B9D}.ReleaseDLL|Win32.Build.0 = Release|Win32
		{0B3A2C18-31E9-4FA9-A141-899DDAAE3B9D}.ReleaseU|Win32.ActiveCfg = ReleaseU|Win32
		{0B3A2C18-31E9-4FA9-A141-899DDAAE3B9D}.ReleaseU|Win32.Build.0 = ReleaseU|Win32
		{0B3A2C18-31E9-4FA9-A141-899DDAAE3B9D}.Template|Win32.ActiveCfg = Template|Win32
		{0B3A2C18-31E9-4FA9-A141-899DDAAE3B9D}.Template|Win32.Build.0 = Template|Win32
		{D9D186F0-1202-42A2-8C03-C952F738469F}.Debug|Win32.ActiveCfg = Debug|Win32
		{D9D186F0-1202-42A2-8C03-C952F738469F}.Debug|Win32.Build.0 = Debug|Win32
		{D9D186F0-1202-42A2-8C03-C952F738469F}.DebugDLL|Win32.ActiveCfg = DebugDLL|Win32
		{D9D186F0-1202-42A2-8C03-C952F738469F}.DebugDLL|Win32.Build.0 = DebugDLL|Win32
		{D9D186F0-1202-42A2-8C03-C952F738469F}.DebugU|Win32.ActiveCfg = DebugU|Win32
		{D9D186F0-1202-42A2-8C03-C952F738469F}.DebugU|Win32.Build.0 = DebugU|Win32
		{D9D186F0-1202-42A2-8C03-C952F738469F}.Release|Win32.ActiveCfg = Release|Win32
		{D9D186F0-1202-42A2-8C03-C952F738469F}.Release|Win32.Build.0 = Release|Win32
		{D9D186F0-1202-42A2-8C03-C952F738469F}.ReleaseDLL|Win32.ActiveCfg = ReleaseDLL|Win32
		{D9D186F0-1202-42A2-8C03-C952F738469F}.ReleaseDLL|Win32.Build.0 = ReleaseDLL|Win32
		{D9D186F0-1202-42A2-8C03-C952F738469F}.ReleaseU|Win32.ActiveCfg = ReleaseU|Win32
		{D9D186F0-1202-42A2-8C03-C952F738469F}.ReleaseU|Win32.Build.0 = ReleaseU|Win32
		{D9D186F0-1202-42A2-8C03-C952F738469F}.Template|Win32.ActiveCfg = Template|Win32
		{D9D186F0-1202-42A2-8C03-C952F738469F}.Template|Win32.Build.0 = Template|Win32
		{E2164169-61B1-4DA6-B55C-DAA26737C451}.Debug|Win32.ActiveCfg = Debug|Win32
		{E2164169-61B1-4DA6-B55C-DAA26737C451}.Debug|Win32.Build.0 = Debug|Win32
		{E2164169-61B1-4DA6-B55C-DAA26737C451}.DebugDLL|Win32.ActiveCfg = Debug|Win32
		{E2164169-61B1-4DA6-B55C-DAA26737C451}.DebugDLL|Win32.Build.0 = Debug|Win32
		{E2164169-61B1-4DA6-B55C-DAA26737C451}.DebugU|Win32.ActiveCfg = DebugU|Win32
		{E2164169-61B1-4DA6-B55C-DAA26737C451}.DebugU|Win32.Build.0 = DebugU|Win32
		{E2164169-61B1-4DA6-B55C-DAA26737C451}.Release|Win32.ActiveCfg = Release|Win32
		{E2164169-61B1-4DA6-B55C-DAA26737C451}.Release|Win32.Build.0 = Release|Win32
		{E2164169-61B1-4DA6-B55C-DAA26737C451}.ReleaseDLL|Win32.ActiveCfg = Release|Win32
		{E2164169-61B1-4DA6-B55C-DAA26737C451}.ReleaseDLL|Win32.Build.0 = Release|Win32
		{E2164169-61B1-4DA6-B55C-DAA26737C451}.ReleaseU|Win32.ActiveCfg = ReleaseU|Win32
		{E2164169-61B1-4DA6-B55C-DAA26737C451}.ReleaseU|Win32.Build.0 = ReleaseU|Win32
		{E2164169-61B1-4DA6-B55C-DAA26737C451}.Template|Win32.ActiveCfg = Template|Win32
		{E2164169-61B1-4DA6-B55C-DAA26737C451}.Template|Win32.Build.0 = Template|Win32
		{6997CCAE-EBB9-412E-A436-44FDCB0B47A7}.Debug|Win32.ActiveCfg = Debug|Win32
		{6997CCAE-EBB9-412E-A436-44FDCB0B47A7}.Debug|Win32.Build.0 = Debug|Win32
		{6997CCAE-EBB9-412E-A436-44FDCB0B47A7}.DebugDLL|Win32.ActiveCfg = DebugDLL|Win32
		{6997CCAE-EBB9-412E-A436-44FDCB0B47A7}.DebugDLL|Win32.Build.0 = DebugDLL|Win32
		{6997CCAE-EBB9-412E-A436-44FDCB0B47A7}.DebugU|Win32.ActiveCfg = DebugU|Win32
		{6997CCAE-EBB9-412E-A436-44FDCB0B47A7}.DebugU|Win32.Build.0 = DebugU|Win32
		{6997CCAE-EBB9-412E-A436-44FDCB0B47A7}.Release|Win32.ActiveCfg = Release|Win32
		{6997CCAE-EBB9-412E-A436-44FDCB0B47A7}.Release|Win32.Build.0 = Release|Win32
		{6997CCAE-EBB9-412E-A436-44FDCB0B47A7}.ReleaseDLL|Win32.ActiveCfg = ReleaseDLL|Win32
		{6997CCAE-EBB9-412E-A436-44FDCB0B47A7}.ReleaseDLL|Win32.Build.0 = ReleaseDLL|Win32
		{6997CCAE-EBB9-412E-A436-44FDCB0B47A7}.ReleaseU|Win32.ActiveCfg = ReleaseU|Win32
		{6997CCAE-EBB9-412E-A436-44FDCB0B47A7}.ReleaseU|Win32.Build.0 = ReleaseU|Win32
		{6997CCAE-EBB9-412E-A436-44FDCB0B47A7}.Template|Win32.ActiveCfg = Template|Win32
		{6997CCAE-EBB9-412E-A436-44FDCB0B47A7}.Template|Win32.Build.0 = Template|Win32
		{4ACDBCDA-A1B9-42F6-8FFF-9F662AC7FCC5}.Debug|Win32.ActiveCfg = Debug|Win32
		{4ACDBCDA-A1B9-42F6-8FFF-9F662AC7FCC5}.Debug|Win32.Build.0 = Debug|Win32
		{4ACDBCDA-A1B9-42F6-8FFF-9F662AC7FCC5}.DebugDLL|Win32.ActiveCfg = DebugDLL|Win32
		{4ACDBCDA-A1B9-42F6-8FFF-9F662AC7FCC5}.DebugDLL|Win32.Build.0 = DebugDLL|Win32
		{4ACDBCDA-A1B9-42F6-8FFF-9F662AC7FCC5}.DebugU|Win32.ActiveCfg = DebugU|Win32
		{4ACDBCDA-A1B9-42F6-8FFF-9F662AC7FCC5}.DebugU|Win32.Build.0 = DebugU|Win32
		{4ACDBCDA-A1B9-42F6-8FFF-9F662AC7FCC5}.Release|Win32.ActiveCfg = Release|Win32
		{4ACDBCDA-A1B9-42F6-8FFF-9F662AC7FCC5}.Release|Win32.Build.0 = Release|Win32
		{4ACDBCDA-A1B9-42F6-8FFF-9F662AC7FCC5}.ReleaseDLL|Win32.ActiveCfg = ReleaseDLL|Win32
		{4ACDBCDA-A1B9-42F6-8FFF-9F662AC7FCC5}.ReleaseDLL|Win32.Build.0 = ReleaseDLL|Win32
		{4ACDBCDA-A1B9-42F6-8FFF-9F662AC7FCC5}.ReleaseU|Win32.ActiveCfg = ReleaseU|Win32
		{4ACDBCDA-A1B9-42F6-8FFF-9F662AC7FCC5}.ReleaseU|Win32.Build.0 = ReleaseU|Win32
		{4ACDBCDA-A1B9-42F6-8FFF-9F662AC7FCC5}.Template|Win32.ActiveCfg = Template|Win32
		{4ACDBCDA-A1B9-42F6-8FFF-9F662AC7FCC5}.Template|Win32.Build.0 = Template|Win32
		{70EA30DC-1D9C-49AE-83F7-E3DF6723FB28}.Debug|Win32.ActiveCfg = Debug|Win32
		{70EA30DC-1D9C-49AE-83F7-E3DF6723FB28}.Debug|Win32.Build.0 = Debug|Win32
		{70EA30DC-1D9C-49AE-83F7-E3DF6723FB28}.DebugDLL|Win32.ActiveCfg = Debug|Win32
		{70EA30DC-1D9C-49AE-83F7-E3DF6723FB28}.DebugDLL|Win32.Build.0 = Debug|Win32
		{70EA30DC-1D9C-49AE-83F7-E3DF6723FB28}.DebugU|Win32.ActiveCfg = DebugU|Win32
		{70EA30DC-1D9C-49AE-83F7-E3DF6723FB28}.DebugU|Win32.Build.0 = DebugU|Win32
		{70EA30DC-1D9C-49AE-83F7-E3DF6723FB28}.Release|Win32.ActiveCfg = Release|Win32
		{70EA30DC-1D9C-49AE-83F7-E3DF6723FB28}.Release|Win32.Build.0 = Release|Win32
		{70EA30DC-1D9C-49AE-83F7-E3DF6723FB28}.ReleaseDLL|Win32.ActiveCfg = Release|Win32
		{70EA30DC-1D9C-49AE-83F7-E3DF6723FB28}.ReleaseDLL|Win32.Build.0 = Release|Win32
		{70EA30DC-1D9C-49AE-83F7-E3DF6723FB28}.ReleaseU|Win32.ActiveCfg = ReleaseU|Win32
		{70EA30DC-1D9C-49AE-83F7-E3DF6723FB28}.ReleaseU|Win32.Build.0 = ReleaseU|Win32
		{70EA30DC-1D9C-49AE-83F7-E3DF6723FB28}.Template|Win32.ActiveCfg = Template|Win32
		{70EA30DC-1D9C-49AE-83F7-E3DF6723FB28}.Template|Win32.Build.0 = Template|Win32
		{54B91888-5E2F-4BF1-8470-82ECA627E11C}.Debug|Win32.ActiveCfg = Debug|Win32
		{54B91888-5E2F-4BF1-8470-82ECA627E11C}.Debug|Win32.Build.0 = Debug|Win32
		{54B91888-5E2F-4BF1-8470-82ECA627E11C}.DebugDLL|Win32.ActiveCfg = Debug|Win32
		{54B91888-5E2F-4BF1-8470-82ECA627E11C}.DebugDLL|Win32.Build.0 = Debug|Win32
		{54B91888-5E2F-4BF1-8470-82ECA627E11C}.DebugU|Win32.ActiveCfg = DebugU|Win32
		{54B91888-5E2F-4BF1-8470-82ECA627E11C}.DebugU|Win32.Build.0 = DebugU|Win32
		{54B91888-5E2F-4BF1-8470-82ECA627E11C}.Release|Win32.ActiveCfg = Release|Win32
		{54B91888-5E2F-4BF1-8470-82ECA627E11C}.Release|Win32.Build.0 = Release|Win32
		{54B91888-5E2F-4BF1-8470-82ECA627E11C}.ReleaseDLL|Win32.ActiveCfg = Release|Win32
		{54B91888-5E2F-4BF1-8470-82ECA627E11C}.ReleaseDLL|Win32.Build.0 = Release|Win32
		{54B91888-5E2F-4BF1-8470-82ECA627E11C}.ReleaseU|Win32.ActiveCfg = ReleaseU|Win32
		{54B91888-5E2F-4BF1-8470-82ECA627E11C}.ReleaseU|Win32.Build.0 = ReleaseU|Win32
		{54B91888-5E2F-4BF1-8470-82ECA627E11C}.Template|Win32.ActiveCfg = Template|Win32
		{54B91888-5E2F-4BF1-8470-82ECA627E11C}.Template|Win32.Build.0 = Template|Win32
		{53A8F10D-0A44-46F4-BFD4-D1853323A5F1}.Debug|Win32.ActiveCfg = Debug|Win32
		{53A8F10D-0A44-46F4-BFD4-D1853323A5F1}.Debug|Win32.Build.0 = Debug|Win32
		{53A8F10D-0A44-46F4-BFD4-D1853323A5F1}.DebugDLL|Win32.ActiveCfg = Debug|Win32
		{53A8F10D-0A44-46F4-BFD4-D1853323A5F1}.DebugDLL|Win32.Build.0 = Debug|Win32
		{53A8F10D-0A44-46F4-BFD4-D1853323A5F1}.DebugU|Win32.ActiveCfg = DebugU|Win32
		{53A8F10D-0A44-46F4-BFD4-D1853323A5F1}.DebugU|Win32.Build.0 = DebugU|Win32
		{53A8F10D-0A44-46F4-BFD4-D1853323A5F1}.Release|Win32.ActiveCfg = Release|Win32
		{53A8F10D-0A44-46F4-BFD4-D1853323A5F1}.Release|Win32.Build.0 = Release|Win32
		{53A8F10D-0A44-46F4-BFD4-D1853323A5F1}.ReleaseDLL|Win32.ActiveCfg = Release|Win32
		{53A8F10D-0A44-46F4-BFD4-D1853323A5F1}.ReleaseDLL|Win32.Build.0 = Release|Win32
		{53A8F10D-0A44-46F4-BFD4-D1853323A5F1}.ReleaseU|Win32.ActiveCfg = ReleaseU|Win32
		{53A8F10D-0A44-46F4-BFD4-D1853323A5F1}.ReleaseU|Win32.Build.0 = ReleaseU|Win32
		{53A8F10D-0A44-46F4-BFD4-D1853323A5F1}.Template|Win32.ActiveCfg = Template|Win32
		{53A8F10D-0A44-46F4-BFD4-D1853323A5F1}.Template|Win32.Build.0 = Template|Win32
	EndGlobalSection
	GlobalSection(SolutionProperties) = preSolution
		HideSolutionNode = FALSE
	EndGlobalSection
EndGlobal
