<?xml version="1.0" encoding="utf-8"?>
<Project ToolsVersion="4.0" xmlns="http://schemas.microsoft.com/developer/msbuild/2003">
  <ItemGroup>
    <Filter Include="Source Files">
      <UniqueIdentifier>{509d0419-9992-4e7f-a063-7d1157be7026}</UniqueIdentifier>
      <Extensions>cpp;c;cxx;rc;def;r;odl;idl;hpj;bat</Extensions>
    </Filter>
    <Filter Include="Header Files">
      <UniqueIdentifier>{dbff5845-0bac-4ac3-9540-864ec60baf07}</UniqueIdentifier>
      <Extensions>h;hpp;hxx;hm;inl</Extensions>
    </Filter>
  </ItemGroup>
  <ItemGroup>
    <ClCompile Include="..\src\semi\gem\xsemi_ackcode.cpp">
      <Filter>Source Files</Filter>
    </ClCompile>
    <ClCompile Include="..\src\semi\gem\xsemi_alarm.cpp">
      <Filter>Source Files</Filter>
    </ClCompile>
    <ClCompile Include="..\src\semi\gem\xsemi_ceid.cpp">
      <Filter>Source Files</Filter>
    </ClCompile>
    <ClCompile Include="..\src\semi\gem\xsemi_gem.cpp">
      <Filter>Source Files</Filter>
    </ClCompile>
    <ClCompile Include="..\src\semi\gem\xsemi_gem_api.cpp">
      <Filter>Source Files</Filter>
    </ClCompile>
    <ClCompile Include="..\src\semi\gem\xsemi_gem_const.cpp">
      <Filter>Source Files</Filter>
    </ClCompile>
    <ClCompile Include="..\src\semi\gem\xsemi_gem_const_obj.cpp">
      <Filter>Source Files</Filter>
    </ClCompile>
    <ClCompile Include="..\src\semi\gem\xsemi_gem_impl_s1.cpp">
      <Filter>Source Files</Filter>
    </ClCompile>
    <ClCompile Include="..\src\semi\gem\xsemi_gem_impl_s2.cpp">
      <Filter>Source Files</Filter>
    </ClCompile>
    <ClCompile Include="..\src\semi\gem\xsemi_gem_impl_s5.cpp">
      <Filter>Source Files</Filter>
    </ClCompile>
    <ClCompile Include="..\src\semi\gem\xsemi_gem_impl_s6.cpp">
      <Filter>Source Files</Filter>
    </ClCompile>
    <ClCompile Include="..\src\semi\gem\xsemi_gem_sqlite_if.cpp">
      <Filter>Source Files</Filter>
    </ClCompile>
    <ClCompile Include="..\src\semi\gem\xsemi_gem_xxx_vvalue.cpp">
      <Filter>Source Files</Filter>
    </ClCompile>
    <ClCompile Include="..\src\semi\gem\xsemi_rpt.cpp">
      <Filter>Source Files</Filter>
    </ClCompile>
    <ClCompile Include="..\src\semi\gem\xsemi_spool.cpp">
      <Filter>Source Files</Filter>
    </ClCompile>
    <ClCompile Include="..\src\semi\gem\xsemi_v.cpp">
      <Filter>Source Files</Filter>
    </ClCompile>
  </ItemGroup>
  <ItemGroup>
    <ClInclude Include="..\include\xlib\semi\gem\xsemi_ackcode.h">
      <Filter>Header Files</Filter>
    </ClInclude>
    <ClInclude Include="..\include\xlib\semi\gem\xsemi_alarm.h">
      <Filter>Header Files</Filter>
    </ClInclude>
    <ClInclude Include="..\include\xlib\semi\gem\xsemi_ceid.h">
      <Filter>Header Files</Filter>
    </ClInclude>
    <ClInclude Include="..\include\xlib\semi\gem\xsemi_gem.h">
      <Filter>Header Files</Filter>
    </ClInclude>
    <ClInclude Include="..\include\xlib\semi\gem\xsemi_gem_api.h">
      <Filter>Header Files</Filter>
    </ClInclude>
    <ClInclude Include="..\include\xlib\semi\gem\xsemi_gem_const.h">
      <Filter>Header Files</Filter>
    </ClInclude>
    <ClInclude Include="..\include\xlib\semi\gem\xsemi_gem_const_obj.h">
      <Filter>Header Files</Filter>
    </ClInclude>
    <ClInclude Include="..\include\xlib\semi\gem\xsemi_gem_def.h">
      <Filter>Header Files</Filter>
    </ClInclude>
    <ClInclude Include="..\include\xlib\semi\gem\xsemi_gem_sqlite_if.h">
      <Filter>Header Files</Filter>
    </ClInclude>
    <ClInclude Include="..\include\xlib\semi\gem\xsemi_rpt.h">
      <Filter>Header Files</Filter>
    </ClInclude>
    <ClInclude Include="..\include\xlib\semi\gem\xsemi_spool.h">
      <Filter>Header Files</Filter>
    </ClInclude>
    <ClInclude Include="..\include\xlib\semi\gem\xsemi_v.h">
      <Filter>Header Files</Filter>
    </ClInclude>
  </ItemGroup>
  <ItemGroup>
    <CustomBuild Include="..\src\semi\gem\gem_db.sql" />
  </ItemGroup>
</Project>