<?xml version="1.0" encoding="utf-8"?>
<Project ToolsVersion="4.0" xmlns="http://schemas.microsoft.com/developer/msbuild/2003">
  <ItemGroup>
    <Filter Include="Source Files">
      <UniqueIdentifier>{b03cbc49-9c7f-49e0-b3bb-0e3befe86896}</UniqueIdentifier>
      <Extensions>cpp;c;cxx;rc;def;r;odl;idl;hpj;bat</Extensions>
    </Filter>
    <Filter Include="Header Files">
      <UniqueIdentifier>{6557de83-4f97-413b-aae0-18766f397b3e}</UniqueIdentifier>
      <Extensions>h;hpp;hxx;hm;inl</Extensions>
    </Filter>
    <Filter Include="Resource Files">
      <UniqueIdentifier>{32108cd5-df96-4c3e-b367-ba9e9e7269a8}</UniqueIdentifier>
      <Extensions>ico;cur;bmp;dlg;rc2;rct;bin;rgs;gif;jpg;jpeg;jpe</Extensions>
    </Filter>
  </ItemGroup>
  <ItemGroup>
    <ClCompile Include="allTest.cpp">
      <Filter>Source Files</Filter>
    </ClCompile>
    <ClCompile Include="XBuffTest.cpp">
      <Filter>Source Files</Filter>
    </ClCompile>
    <ClCompile Include="XExceptTest.cpp">
      <Filter>Source Files</Filter>
    </ClCompile>
    <ClCompile Include="xmlhelperTest.cpp">
      <Filter>Source Files</Filter>
    </ClCompile>
    <ClCompile Include="xmsgqueueTest.cpp">
      <Filter>Source Files</Filter>
    </ClCompile>
    <ClCompile Include="XStrBuffCodeConvTest.cpp">
      <Filter>Source Files</Filter>
    </ClCompile>
    <ClCompile Include="xtimeTest.cpp">
      <Filter>Source Files</Filter>
    </ClCompile>
  </ItemGroup>
  <ItemGroup>
    <ClInclude Include="XBuffTest.h">
      <Filter>Header Files</Filter>
    </ClInclude>
    <ClInclude Include="XExceptTest.h">
      <Filter>Header Files</Filter>
    </ClInclude>
    <ClInclude Include="xmlhelperTest.h">
      <Filter>Header Files</Filter>
    </ClInclude>
    <ClInclude Include="xmsgqueueTest.h">
      <Filter>Header Files</Filter>
    </ClInclude>
    <ClInclude Include="XStrBuffCodeConvTest.h">
      <Filter>Header Files</Filter>
    </ClInclude>
    <ClInclude Include="xtimeTest.h">
      <Filter>Header Files</Filter>
    </ClInclude>
  </ItemGroup>
</Project>