<?xml version="1.0" encoding="utf-8"?>
<Project ToolsVersion="4.0" xmlns="http://schemas.microsoft.com/developer/msbuild/2003">
  <ItemGroup>
    <Filter Include="Source Files">
      <UniqueIdentifier>{e3c7d036-a8d6-42fc-b66e-55d822d56ba1}</UniqueIdentifier>
      <Extensions>cpp;c;cxx;rc;def;r;odl;idl;hpj;bat</Extensions>
    </Filter>
    <Filter Include="Header Files">
      <UniqueIdentifier>{4775f77c-798f-438d-a838-5e87ab1b3ea3}</UniqueIdentifier>
      <Extensions>h;hpp;hxx;hm;inl</Extensions>
    </Filter>
    <Filter Include="Resource Files">
      <UniqueIdentifier>{6e4aaac6-0937-44f0-83e9-fc936ea39d2f}</UniqueIdentifier>
      <Extensions>ico;cur;bmp;dlg;rc2;rct;bin;rgs;gif;jpg;jpeg;jpe</Extensions>
    </Filter>
  </ItemGroup>
  <ItemGroup>
    <ClCompile Include="allTest.cpp">
      <Filter>Source Files</Filter>
    </ClCompile>
    <ClCompile Include="XDataTest.cpp">
      <Filter>Source Files</Filter>
    </ClCompile>
    <ClCompile Include="XDataXLTest.cpp">
      <Filter>Source Files</Filter>
    </ClCompile>
    <ClCompile Include="XRichDataTest.cpp">
      <Filter>Source Files</Filter>
    </ClCompile>
  </ItemGroup>
  <ItemGroup>
    <ClInclude Include="XDataTest.h">
      <Filter>Header Files</Filter>
    </ClInclude>
    <ClInclude Include="XDataXLTest.h">
      <Filter>Header Files</Filter>
    </ClInclude>
    <ClInclude Include="XRichDataTest.h">
      <Filter>Header Files</Filter>
    </ClInclude>
  </ItemGroup>
</Project>